// !$*UTF8*$!
{
	archiveVersion = 1;
	classes = {
	};
	objectVersion = 46;
	objects = {

/* Begin PBXBuildFile section */
		E738E9351E5C56F300C8D574 /* main.m in Sources */ = {isa = PBXBuildFile; fileRef = E738E9341E5C56F300C8D574 /* main.m */; };
		E738E9381E5C56F300C8D574 /* AppDelegate.m in Sources */ = {isa = PBXBuildFile; fileRef = E738E9371E5C56F300C8D574 /* AppDelegate.m */; };
		E738E93B1E5C56F300C8D574 /* ViewController.m in Sources */ = {isa = PBXBuildFile; fileRef = E738E93A1E5C56F300C8D574 /* ViewController.m */; };
		E738E93E1E5C56F300C8D574 /* Main.storyboard in Resources */ = {isa = PBXBuildFile; fileRef = E738E93C1E5C56F300C8D574 /* Main.storyboard */; };
		E738E9401E5C56F300C8D574 /* Assets.xcassets in Resources */ = {isa = PBXBuildFile; fileRef = E738E93F1E5C56F300C8D574 /* Assets.xcassets */; };
		E738E9431E5C56F300C8D574 /* LaunchScreen.storyboard in Resources */ = {isa = PBXBuildFile; fileRef = E738E9411E5C56F300C8D574 /* LaunchScreen.storyboard */; };
		E738E94E1E5C56F300C8D574 /* AutoFixedTheViewTests.m in Sources */ = {isa = PBXBuildFile; fileRef = E738E94D1E5C56F300C8D574 /* AutoFixedTheViewTests.m */; };
		E738E9591E5C56F300C8D574 /* AutoFixedTheViewUITests.m in Sources */ = {isa = PBXBuildFile; fileRef = E738E9581E5C56F300C8D574 /* AutoFixedTheViewUITests.m */; };
		E738E96D1E5C578100C8D574 /* SZCommentView.m in Sources */ = {isa = PBXBuildFile; fileRef = E738E96C1E5C578100C8D574 /* SZCommentView.m */; };
		E738E9701E5C579200C8D574 /* SZShopShowView.m in Sources */ = {isa = PBXBuildFile; fileRef = E738E96F1E5C579200C8D574 /* SZShopShowView.m */; };
		E738E9741E5C57BE00C8D574 /* SZMainMenuScrollView.m in Sources */ = {isa = PBXBuildFile; fileRef = E738E9731E5C57BE00C8D574 /* SZMainMenuScrollView.m */; };
		E738E9781E5C57F400C8D574 /* ReadMe in Resources */ = {isa = PBXBuildFile; fileRef = E738E9771E5C57F400C8D574 /* ReadMe */; };
		E7B1BF251E5DB1A200367EFC /* 上箭头.png in Resources */ = {isa = PBXBuildFile; fileRef = E7B1BF241E5DB1A200367EFC /* 上箭头.png */; };
/* End PBXBuildFile section */

/* Begin PBXContainerItemProxy section */
		E738E94A1E5C56F300C8D574 /* PBXContainerItemProxy */ = {
			isa = PBXContainerItemProxy;
			containerPortal = E738E9281E5C56F300C8D574 /* Project object */;
			proxyType = 1;
			remoteGlobalIDString = E738E92F1E5C56F300C8D574;
			remoteInfo = AutoFixedTheView;
		};
		E738E9551E5C56F300C8D574 /* PBXContainerItemProxy */ = {
			isa = PBXContainerItemProxy;
			containerPortal = E738E9281E5C56F300C8D574 /* Project object */;
			proxyType = 1;
			remoteGlobalIDString = E738E92F1E5C56F300C8D574;
			remoteInfo = AutoFixedTheView;
		};
/* End PBXContainerItemProxy section */

/* Begin PBXFileReference section */
		E738E9301E5C56F300C8D574 /* AutoFixedTheView.app */ = {isa = PBXFileReference; explicitFileType = wrapper.application; includeInIndex = 0; path = AutoFixedTheView.app; sourceTree = BUILT_PRODUCTS_DIR; };
		E738E9341E5C56F300C8D574 /* main.m */ = {isa = PBXFileReference; lastKnownFileType = sourcecode.c.objc; path = main.m; sourceTree = "<group>"; };
		E738E9361E5C56F300C8D574 /* AppDelegate.h */ = {isa = PBXFileReference; lastKnownFileType = sourcecode.c.h; path = AppDelegate.h; sourceTree = "<group>"; };
		E738E9371E5C56F300C8D574 /* AppDelegate.m */ = {isa = PBXFileReference; lastKnownFileType = sourcecode.c.objc; path = AppDelegate.m; sourceTree = "<group>"; };
		E738E9391E5C56F300C8D574 /* ViewController.h */ = {isa = PBXFileReference; lastKnownFileType = sourcecode.c.h; path = ViewController.h; sourceTree = "<group>"; };
		E738E93A1E5C56F300C8D574 /* ViewController.m */ = {isa = PBXFileReference; lastKnownFileType = sourcecode.c.objc; path = ViewController.m; sourceTree = "<group>"; };
		E738E93D1E5C56F300C8D574 /* Base */ = {isa = PBXFileReference; lastKnownFileType = file.storyboard; name = Base; path = Base.lproj/Main.storyboard; sourceTree = "<group>"; };
		E738E93F1E5C56F300C8D574 /* Assets.xcassets */ = {isa = PBXFileReference; lastKnownFileType = folder.assetcatalog; path = Assets.xcassets; sourceTree = "<group>"; };
		E738E9421E5C56F300C8D574 /* Base */ = {isa = PBXFileReference; lastKnownFileType = file.storyboard; name = Base; path = Base.lproj/LaunchScreen.storyboard; sourceTree = "<group>"; };
		E738E9441E5C56F300C8D574 /* Info.plist */ = {isa = PBXFileReference; lastKnownFileType = text.plist.xml; path = Info.plist; sourceTree = "<group>"; };
		E738E9491E5C56F300C8D574 /* AutoFixedTheViewTests.xctest */ = {isa = PBXFileReference; explicitFileType = wrapper.cfbundle; includeInIndex = 0; path = AutoFixedTheViewTests.xctest; sourceTree = BUILT_PRODUCTS_DIR; };
		E738E94D1E5C56F300C8D574 /* AutoFixedTheViewTests.m */ = {isa = PBXFileReference; lastKnownFileType = sourcecode.c.objc; path = AutoFixedTheViewTests.m; sourceTree = "<group>"; };
		E738E94F1E5C56F300C8D574 /* Info.plist */ = {isa = PBXFileReference; lastKnownFileType = text.plist.xml; path = Info.plist; sourceTree = "<group>"; };
		E738E9541E5C56F300C8D574 /* AutoFixedTheViewUITests.xctest */ = {isa = PBXFileReference; explicitFileType = wrapper.cfbundle; includeInIndex = 0; path = AutoFixedTheViewUITests.xctest; sourceTree = BUILT_PRODUCTS_DIR; };
		E738E9581E5C56F300C8D574 /* AutoFixedTheViewUITests.m */ = {isa = PBXFileReference; lastKnownFileType = sourcecode.c.objc; path = AutoFixedTheViewUITests.m; sourceTree = "<group>"; };
		E738E95A1E5C56F400C8D574 /* Info.plist */ = {isa = PBXFileReference; lastKnownFileType = text.plist.xml; path = Info.plist; sourceTree = "<group>"; };
		E738E96B1E5C578100C8D574 /* SZCommentView.h */ = {isa = PBXFileReference; fileEncoding = 4; lastKnownFileType = sourcecode.c.h; path = SZCommentView.h; sourceTree = "<group>"; };
		E738E96C1E5C578100C8D574 /* SZCommentView.m */ = {isa = PBXFileReference; fileEncoding = 4; lastKnownFileType = sourcecode.c.objc; path = SZCommentView.m; sourceTree = "<group>"; };
		E738E96E1E5C579200C8D574 /* SZShopShowView.h */ = {isa = PBXFileReference; fileEncoding = 4; lastKnownFileType = sourcecode.c.h; path = SZShopShowView.h; sourceTree = "<group>"; };
		E738E96F1E5C579200C8D574 /* SZShopShowView.m */ = {isa = PBXFileReference; fileEncoding = 4; lastKnownFileType = sourcecode.c.objc; path = SZShopShowView.m; sourceTree = "<group>"; };
		E738E9721E5C57BE00C8D574 /* SZMainMenuScrollView.h */ = {isa = PBXFileReference; fileEncoding = 4; lastKnownFileType = sourcecode.c.h; path = SZMainMenuScrollView.h; sourceTree = "<group>"; };
		E738E9731E5C57BE00C8D574 /* SZMainMenuScrollView.m */ = {isa = PBXFileReference; fileEncoding = 4; lastKnownFileType = sourcecode.c.objc; path = SZMainMenuScrollView.m; sourceTree = "<group>"; };
		E738E9771E5C57F400C8D574 /* ReadMe */ = {isa = PBXFileReference; fileEncoding = 4; lastKnownFileType = text; path = ReadMe; sourceTree = "<group>"; };
		E7B1BF241E5DB1A200367EFC /* 上箭头.png */ = {isa = PBXFileReference; lastKnownFileType = image.png; path = "上箭头.png"; sourceTree = "<group>"; };
/* End PBXFileReference section */

/* Begin PBXFrameworksBuildPhase section */
		E738E92D1E5C56F300C8D574 /* Frameworks */ = {
			isa = PBXFrameworksBuildPhase;
			buildActionMask = 2147483647;
			files = (
			);
			runOnlyForDeploymentPostprocessing = 0;
		};
		E738E9461E5C56F300C8D574 /* Frameworks */ = {
			isa = PBXFrameworksBuildPhase;
			buildActionMask = 2147483647;
			files = (
			);
			runOnlyForDeploymentPostprocessing = 0;
		};
		E738E9511E5C56F300C8D574 /* Frameworks */ = {
			isa = PBXFrameworksBuildPhase;
			buildActionMask = 2147483647;
			files = (
			);
			runOnlyForDeploymentPostprocessing = 0;
		};
/* End PBXFrameworksBuildPhase section */

/* Begin PBXGroup section */
		E738E9271E5C56F300C8D574 = {
			isa = PBXGroup;
			children = (
				E738E9321E5C56F300C8D574 /* AutoFixedTheView */,
				E738E94C1E5C56F300C8D574 /* AutoFixedTheViewTests */,
				E738E9571E5C56F300C8D574 /* AutoFixedTheViewUITests */,
				E738E9311E5C56F300C8D574 /* Products */,
			);
			sourceTree = "<group>";
		};
		E738E9311E5C56F300C8D574 /* Products */ = {
			isa = PBXGroup;
			children = (
				E738E9301E5C56F300C8D574 /* AutoFixedTheView.app */,
				E738E9491E5C56F300C8D574 /* AutoFixedTheViewTests.xctest */,
				E738E9541E5C56F300C8D574 /* AutoFixedTheViewUITests.xctest */,
			);
			name = Products;
			sourceTree = "<group>";
		};
		E738E9321E5C56F300C8D574 /* AutoFixedTheView */ = {
			isa = PBXGroup;
			children = (
				E738E9361E5C56F300C8D574 /* AppDelegate.h */,
				E738E9371E5C56F300C8D574 /* AppDelegate.m */,
				E738E9391E5C56F300C8D574 /* ViewController.h */,
				E738E93A1E5C56F300C8D574 /* ViewController.m */,
				E738E93C1E5C56F300C8D574 /* Main.storyboard */,
				E738E9711E5C57A500C8D574 /* MainScrollView */,
				E738E9661E5C574000C8D574 /* ShopShowView */,
				E738E9671E5C574500C8D574 /* CommentView */,
				E738E93F1E5C56F300C8D574 /* Assets.xcassets */,
				E738E9411E5C56F300C8D574 /* LaunchScreen.storyboard */,
				E7B1BF241E5DB1A200367EFC /* 上箭头.png */,
				E738E9441E5C56F300C8D574 /* Info.plist */,
				E738E9331E5C56F300C8D574 /* Supporting Files */,
				E738E9771E5C57F400C8D574 /* ReadMe */,
			);
			path = AutoFixedTheView;
			sourceTree = "<group>";
		};
		E738E9331E5C56F300C8D574 /* Supporting Files */ = {
			isa = PBXGroup;
			children = (
				E738E9341E5C56F300C8D574 /* main.m */,
			);
			name = "Supporting Files";
			sourceTree = "<group>";
		};
		E738E94C1E5C56F300C8D574 /* AutoFixedTheViewTests */ = {
			isa = PBXGroup;
			children = (
				E738E94D1E5C56F300C8D574 /* AutoFixedTheViewTests.m */,
				E738E94F1E5C56F300C8D574 /* Info.plist */,
			);
			path = AutoFixedTheViewTests;
			sourceTree = "<group>";
		};
		E738E9571E5C56F300C8D574 /* AutoFixedTheViewUITests */ = {
			isa = PBXGroup;
			children = (
				E738E9581E5C56F300C8D574 /* AutoFixedTheViewUITests.m */,
				E738E95A1E5C56F400C8D574 /* Info.plist */,
			);
			path = AutoFixedTheViewUITests;
			sourceTree = "<group>";
		};
		E738E9661E5C574000C8D574 /* ShopShowView */ = {
			isa = PBXGroup;
			children = (
				E738E96E1E5C579200C8D574 /* SZShopShowView.h */,
				E738E96F1E5C579200C8D574 /* SZShopShowView.m */,
			);
			path = ShopShowView;
			sourceTree = "<group>";
		};
		E738E9671E5C574500C8D574 /* CommentView */ = {
			isa = PBXGroup;
			children = (
				E738E9791E5C596F00C8D574 /* SZCommecntViewCell */,
				E738E96B1E5C578100C8D574 /* SZCommentView.h */,
				E738E96C1E5C578100C8D574 /* SZCommentView.m */,
			);
			path = CommentView;
			sourceTree = "<group>";
		};
		E738E9711E5C57A500C8D574 /* MainScrollView */ = {
			isa = PBXGroup;
			children = (
				E738E9721E5C57BE00C8D574 /* SZMainMenuScrollView.h */,
				E738E9731E5C57BE00C8D574 /* SZMainMenuScrollView.m */,
			);
			path = MainScrollView;
			sourceTree = "<group>";
		};
		E738E9791E5C596F00C8D574 /* SZCommecntViewCell */ = {
			isa = PBXGroup;
			children = (
			);
			path = SZCommecntViewCell;
			sourceTree = "<group>";
		};
/* End PBXGroup section */

/* Begin PBXNativeTarget section */
		E738E92F1E5C56F300C8D574 /* AutoFixedTheView */ = {
			isa = PBXNativeTarget;
			buildConfigurationList = E738E95D1E5C56F400C8D574 /* Build configuration list for PBXNativeTarget "AutoFixedTheView" */;
			buildPhases = (
				E738E92C1E5C56F300C8D574 /* Sources */,
				E738E92D1E5C56F300C8D574 /* Frameworks */,
				E738E92E1E5C56F300C8D574 /* Resources */,
			);
			buildRules = (
			);
			dependencies = (
			);
			name = AutoFixedTheView;
			productName = AutoFixedTheView;
			productReference = E738E9301E5C56F300C8D574 /* AutoFixedTheView.app */;
			productType = "com.apple.product-type.application";
		};
		E738E9481E5C56F300C8D574 /* AutoFixedTheViewTests */ = {
			isa = PBXNativeTarget;
			buildConfigurationList = E738E9601E5C56F400C8D574 /* Build configuration list for PBXNativeTarget "AutoFixedTheViewTests" */;
			buildPhases = (
				E738E9451E5C56F300C8D574 /* Sources */,
				E738E9461E5C56F300C8D574 /* Frameworks */,
				E738E9471E5C56F300C8D574 /* Resources */,
			);
			buildRules = (
			);
			dependencies = (
				E738E94B1E5C56F300C8D574 /* PBXTargetDependency */,
			);
			name = AutoFixedTheViewTests;
			productName = AutoFixedTheViewTests;
			productReference = E738E9491E5C56F300C8D574 /* AutoFixedTheViewTests.xctest */;
			productType = "com.apple.product-type.bundle.unit-test";
		};
		E738E9531E5C56F300C8D574 /* AutoFixedTheViewUITests */ = {
			isa = PBXNativeTarget;
			buildConfigurationList = E738E9631E5C56F400C8D574 /* Build configuration list for PBXNativeTarget "AutoFixedTheViewUITests" */;
			buildPhases = (
				E738E9501E5C56F300C8D574 /* Sources */,
				E738E9511E5C56F300C8D574 /* Frameworks */,
				E738E9521E5C56F300C8D574 /* Resources */,
			);
			buildRules = (
			);
			dependencies = (
				E738E9561E5C56F300C8D574 /* PBXTargetDependency */,
			);
			name = AutoFixedTheViewUITests;
			productName = AutoFixedTheViewUITests;
			productReference = E738E9541E5C56F300C8D574 /* AutoFixedTheViewUITests.xctest */;
			productType = "com.apple.product-type.bundle.ui-testing";
		};
/* End PBXNativeTarget section */

/* Begin PBXProject section */
		E738E9281E5C56F300C8D574 /* Project object */ = {
			isa = PBXProject;
			attributes = {
				LastUpgradeCheck = 0800;
				ORGANIZATIONNAME = "王少泽";
				TargetAttributes = {
					E738E92F1E5C56F300C8D574 = {
						CreatedOnToolsVersion = 8.0;
						ProvisioningStyle = Automatic;
					};
					E738E9481E5C56F300C8D574 = {
						CreatedOnToolsVersion = 8.0;
						ProvisioningStyle = Automatic;
						TestTargetID = E738E92F1E5C56F300C8D574;
					};
					E738E9531E5C56F300C8D574 = {
						CreatedOnToolsVersion = 8.0;
						ProvisioningStyle = Automatic;
						TestTargetID = E738E92F1E5C56F300C8D574;
					};
				};
			};
			buildConfigurationList = E738E92B1E5C56F300C8D574 /* Build configuration list for PBXProject "AutoFixedTheView" */;
			compatibilityVersion = "Xcode 3.2";
			developmentRegion = English;
			hasScannedForEncodings = 0;
			knownRegions = (
				en,
				Base,
			);
			mainGroup = E738E9271E5C56F300C8D574;
			productRefGroup = E738E9311E5C56F300C8D574 /* Products */;
			projectDirPath = "";
			projectRoot = "";
			targets = (
				E738E92F1E5C56F300C8D574 /* AutoFixedTheView */,
				E738E9481E5C56F300C8D574 /* AutoFixedTheViewTests */,
				E738E9531E5C56F300C8D574 /* AutoFixedTheViewUITests */,
			);
		};
/* End PBXProject section */

/* Begin PBXResourcesBuildPhase section */
		E738E92E1E5C56F300C8D574 /* Resources */ = {
			isa = PBXResourcesBuildPhase;
			buildActionMask = 2147483647;
			files = (
				E7B1BF251E5DB1A200367EFC /* 上箭头.png in Resources */,
				E738E9781E5C57F400C8D574 /* ReadMe in Resources */,
				E738E9431E5C56F300C8D574 /* LaunchScreen.storyboard in Resources */,
				E738E9401E5C56F300C8D574 /* Assets.xcassets in Resources */,
				E738E93E1E5C56F300C8D574 /* Main.storyboard in Resources */,
			);
			runOnlyForDeploymentPostprocessing = 0;
		};
		E738E9471E5C56F300C8D574 /* Resources */ = {
			isa = PBXResourcesBuildPhase;
			buildActionMask = 2147483647;
			files = (
			);
			runOnlyForDeploymentPostprocessing = 0;
		};
		E738E9521E5C56F300C8D574 /* Resources */ = {
			isa = PBXResourcesBuildPhase;
			buildActionMask = 2147483647;
			files = (
			);
			runOnlyForDeploymentPostprocessing = 0;
		};
/* End PBXResourcesBuildPhase section */

/* Begin PBXSourcesBuildPhase section */
		E738E92C1E5C56F300C8D574 /* Sources */ = {
			isa = PBXSourcesBuildPhase;
			buildActionMask = 2147483647;
			files = (
				E738E93B1E5C56F300C8D574 /* ViewController.m in Sources */,
				E738E96D1E5C578100C8D574 /* SZCommentView.m in Sources */,
				E738E9741E5C57BE00C8D574 /* SZMainMenuScrollView.m in Sources */,
				E738E9381E5C56F300C8D574 /* AppDelegate.m in Sources */,
				E738E9351E5C56F300C8D574 /* main.m in Sources */,
				E738E9701E5C579200C8D574 /* SZShopShowView.m in Sources */,
			);
			runOnlyForDeploymentPostprocessing = 0;
		};
		E738E9451E5C56F300C8D574 /* Sources */ = {
			isa = PBXSourcesBuildPhase;
			buildActionMask = 2147483647;
			files = (
				E738E94E1E5C56F300C8D574 /* AutoFixedTheViewTests.m in Sources */,
			);
			runOnlyForDeploymentPostprocessing = 0;
		};
		E738E9501E5C56F300C8D574 /* Sources */ = {
			isa = PBXSourcesBuildPhase;
			buildActionMask = 2147483647;
			files = (
				E738E9591E5C56F300C8D574 /* AutoFixedTheViewUITests.m in Sources */,
			);
			runOnlyForDeploymentPostprocessing = 0;
		};
/* End PBXSourcesBuildPhase section */

/* Begin PBXTargetDependency section */
		E738E94B1E5C56F300C8D574 /* PBXTargetDependency */ = {
			isa = PBXTargetDependency;
			target = E738E92F1E5C56F300C8D574 /* AutoFixedTheView */;
			targetProxy = E738E94A1E5C56F300C8D574 /* PBXContainerItemProxy */;
		};
		E738E9561E5C56F300C8D574 /* PBXTargetDependency */ = {
			isa = PBXTargetDependency;
			target = E738E92F1E5C56F300C8D574 /* AutoFixedTheView */;
			targetProxy = E738E9551E5C56F300C8D574 /* PBXContainerItemProxy */;
		};
/* End PBXTargetDependency section */

/* Begin PBXVariantGroup section */
		E738E93C1E5C56F300C8D574 /* Main.storyboard */ = {
			isa = PBXVariantGroup;
			children = (
				E738E93D1E5C56F300C8D574 /* Base */,
			);
			name = Main.storyboard;
			sourceTree = "<group>";
		};
		E738E9411E5C56F300C8D574 /* LaunchScreen.storyboard */ = {
			isa = PBXVariantGroup;
			children = (
				E738E9421E5C56F300C8D574 /* Base */,
			);
			name = LaunchScreen.storyboard;
			sourceTree = "<group>";
		};
/* End PBXVariantGroup section */

/* Begin XCBuildConfiguration section */
		E738E95B1E5C56F400C8D574 /* Debug */ = {
			isa = XCBuildConfiguration;
			buildSettings = {
				ALWAYS_SEARCH_USER_PATHS = NO;
				CLANG_ANALYZER_NONNULL = YES;
				CLANG_CXX_LANGUAGE_STANDARD = "gnu++0x";
				CLANG_CXX_LIBRARY = "libc++";
				CLANG_ENABLE_MODULES = YES;
				CLANG_ENABLE_OBJC_ARC = YES;
				CLANG_WARN_BOOL_CONVERSION = YES;
				CLANG_WARN_CONSTANT_CONVERSION = YES;
				CLANG_WARN_DIRECT_OBJC_ISA_USAGE = YES_ERROR;
				CLANG_WARN_DOCUMENTATION_COMMENTS = YES;
				CLANG_WARN_EMPTY_BODY = YES;
				CLANG_WARN_ENUM_CONVERSION = YES;
				CLANG_WARN_INFINITE_RECURSION = YES;
				CLANG_WARN_INT_CONVERSION = YES;
				CLANG_WARN_OBJC_ROOT_CLASS = YES_ERROR;
				CLANG_WARN_SUSPICIOUS_MOVES = YES;
				CLANG_WARN_UNREACHABLE_CODE = YES;
				CLANG_WARN__DUPLICATE_METHOD_MATCH = YES;
				"CODE_SIGN_IDENTITY[sdk=iphoneos*]" = "iPhone Developer";
				COPY_PHASE_STRIP = NO;
				DEBUG_INFORMATION_FORMAT = dwarf;
				ENABLE_STRICT_OBJC_MSGSEND = YES;
				ENABLE_TESTABILITY = YES;
				GCC_C_LANGUAGE_STANDARD = gnu99;
				GCC_DYNAMIC_NO_PIC = NO;
				GCC_NO_COMMON_BLOCKS = YES;
				GCC_OPTIMIZATION_LEVEL = 0;
				GCC_PREPROCESSOR_DEFINITIONS = (
					"DEBUG=1",
					"$(inherited)",
				);
				GCC_WARN_64_TO_32_BIT_CONVERSION = YES;
				GCC_WARN_ABOUT_RETURN_TYPE = YES_ERROR;
				GCC_WARN_UNDECLARED_SELECTOR = YES;
				GCC_WARN_UNINITIALIZED_AUTOS = YES_AGGRESSIVE;
				GCC_WARN_UNUSED_FUNCTION = YES;
				GCC_WARN_UNUSED_VARIABLE = YES;
				IPHONEOS_DEPLOYMENT_TARGET = 10.0;
				MTL_ENABLE_DEBUG_INFO = YES;
				ONLY_ACTIVE_ARCH = YES;
				SDKROOT = iphoneos;
				TARGETED_DEVICE_FAMILY = "1,2";
			};
			name = Debug;
		};
		E738E95C1E5C56F400C8D574 /* Release */ = {
			isa = XCBuildConfiguration;
			buildSettings = {
				ALWAYS_SEARCH_USER_PATHS = NO;
				CLANG_ANALYZER_NONNULL = YES;
				CLANG_CXX_LANGUAGE_STANDARD = "gnu++0x";
				CLANG_CXX_LIBRARY = "libc++";
				CLANG_ENABLE_MODULES = YES;
				CLANG_ENABLE_OBJC_ARC = YES;
				CLANG_WARN_BOOL_CONVERSION = YES;
				CLANG_WARN_CONSTANT_CONVERSION = YES;
				CLANG_WARN_DIRECT_OBJC_ISA_USAGE = YES_ERROR;
				CLANG_WARN_DOCUMENTATION_COMMENTS = YES;
				CLANG_WARN_EMPTY_BODY = YES;
				CLANG_WARN_ENUM_CONVERSION = YES;
				CLANG_WARN_INFINITE_RECURSION = YES;
				CLANG_WARN_INT_CONVERSION = YES;
				CLANG_WARN_OBJC_ROOT_CLASS = YES_ERROR;
				CLANG_WARN_SUSPICIOUS_MOVES = YES;
				CLANG_WARN_UNREACHABLE_CODE = YES;
				CLANG_WARN__DUPLICATE_METHOD_MATCH = YES;
				"CODE_SIGN_IDENTITY[sdk=iphoneos*]" = "iPhone Developer";
				COPY_PHASE_STRIP = NO;
				DEBUG_INFORMATION_FORMAT = "dwarf-with-dsym";
				ENABLE_NS_ASSERTIONS = NO;
				ENABLE_STRICT_OBJC_MSGSEND = YES;
				GCC_C_LANGUAGE_STANDARD = gnu99;
				GCC_NO_COMMON_BLOCKS = YES;
				GCC_WARN_64_TO_32_BIT_CONVERSION = YES;
				GCC_WARN_ABOUT_RETURN_TYPE = YES_ERROR;
				GCC_WARN_UNDECLARED_SELECTOR = YES;
				GCC_WARN_UNINITIALIZED_AUTOS = YES_AGGRESSIVE;
				GCC_WARN_UNUSED_FUNCTION = YES;
				GCC_WARN_UNUSED_VARIABLE = YES;
				IPHONEOS_DEPLOYMENT_TARGET = 10.0;
				MTL_ENABLE_DEBUG_INFO = NO;
				SDKROOT = iphoneos;
				TARGETED_DEVICE_FAMILY = "1,2";
				VALIDATE_PRODUCT = YES;
			};
			name = Release;
		};
		E738E95E1E5C56F400C8D574 /* Debug */ = {
			isa = XCBuildConfiguration;
			buildSettings = {
				ASSETCATALOG_COMPILER_APPICON_NAME = AppIcon;
				INFOPLIST_FILE = AutoFixedTheView/Info.plist;
				LD_RUNPATH_SEARCH_PATHS = "$(inherited) @executable_path/Frameworks";
				PRODUCT_BUNDLE_IDENTIFIER = wsz.AutoFixedTheView;
				PRODUCT_NAME = "$(TARGET_NAME)";
			};
			name = Debug;
		};
		E738E95F1E5C56F400C8D574 /* Release */ = {
			isa = XCBuildConfiguration;
			buildSettings = {
				ASSETCATALOG_COMPILER_APPICON_NAME = AppIcon;
				INFOPLIST_FILE = AutoFixedTheView/Info.plist;
				LD_RUNPATH_SEARCH_PATHS = "$(inherited) @executable_path/Frameworks";
				PRODUCT_BUNDLE_IDENTIFIER = wsz.AutoFixedTheView;
				PRODUCT_NAME = "$(TARGET_NAME)";
			};
			name = Release;
		};
		E738E9611E5C56F400C8D574 /* Debug */ = {
			isa = XCBuildConfiguration;
			buildSettings = {
				BUNDLE_LOADER = "$(TEST_HOST)";
				INFOPLIST_FILE = AutoFixedTheViewTests/Info.plist;
				LD_RUNPATH_SEARCH_PATHS = "$(inherited) @executable_path/Frameworks @loader_path/Frameworks";
				PRODUCT_BUNDLE_IDENTIFIER = wsz.AutoFixedTheViewTests;
				PRODUCT_NAME = "$(TARGET_NAME)";
				TEST_HOST = "$(BUILT_PRODUCTS_DIR)/AutoFixedTheView.app/AutoFixedTheView";
			};
			name = Debug;
		};
		E738E9621E5C56F400C8D574 /* Release */ = {
			isa = XCBuildConfiguration;
			buildSettings = {
				BUNDLE_LOADER = "$(TEST_HOST)";
				INFOPLIST_FILE = AutoFixedTheViewTests/Info.plist;
				LD_RUNPATH_SEARCH_PATHS = "$(inherited) @executable_path/Frameworks @loader_path/Frameworks";
				PRODUCT_BUNDLE_IDENTIFIER = wsz.AutoFixedTheViewTests;
				PRODUCT_NAME = "$(TARGET_NAME)";
				TEST_HOST = "$(BUILT_PRODUCTS_DIR)/AutoFixedTheView.app/AutoFixedTheView";
			};
			name = Release;
		};
		E738E9641E5C56F400C8D574 /* Debug */ = {
			isa = XCBuildConfiguration;
			buildSettings = {
				INFOPLIST_FILE = AutoFixedTheViewUITests/Info.plist;
				LD_RUNPATH_SEARCH_PATHS = "$(inherited) @executable_path/Frameworks @loader_path/Frameworks";
				PRODUCT_BUNDLE_IDENTIFIER = wsz.AutoFixedTheViewUITests;
				PRODUCT_NAME = "$(TARGET_NAME)";
				TEST_TARGET_NAME = AutoFixedTheView;
			};
			name = Debug;
		};
		E738E9651E5C56F400C8D574 /* Release */ = {
			isa = XCBuildConfiguration;
			buildSettings = {
				INFOPLIST_FILE = AutoFixedTheViewUITests/Info.plist;
				LD_RUNPATH_SEARCH_PATHS = "$(inherited) @executable_path/Frameworks @loader_path/Frameworks";
				PRODUCT_BUNDLE_IDENTIFIER = wsz.AutoFixedTheViewUITests;
				PRODUCT_NAME = "$(TARGET_NAME)";
				TEST_TARGET_NAME = AutoFixedTheView;
			};
			name = Release;
		};
/* End XCBuildConfiguration section */

/* Begin XCConfigurationList section */
		E738E92B1E5C56F300C8D574 /* Build configuration list for PBXProject "AutoFixedTheView" */ = {
			isa = XCConfigurationList;
			buildConfigurations = (
				E738E95B1E5C56F400C8D574 /* Debug */,
				E738E95C1E5C56F400C8D574 /* Release */,
			);
			defaultConfigurationIsVisible = 0;
			defaultConfigurationName = Release;
		};
		E738E95D1E5C56F400C8D574 /* Build configuration list for PBXNativeTarget "AutoFixedTheView" */ = {
			isa = XCConfigurationList;
			buildConfigurations = (
				E738E95E1E5C56F400C8D574 /* Debug */,
				E738E95F1E5C56F400C8D574 /* Release */,
			);
			defaultConfigurationIsVisible = 0;
			defaultConfigurationName = Release;
		};
		E738E9601E5C56F400C8D574 /* Build configuration list for PBXNativeTarget "AutoFixedTheViewTests" */ = {
			isa = XCConfigurationList;
			buildConfigurations = (
				E738E9611E5C56F400C8D574 /* Debug */,
				E738E9621E5C56F400C8D574 /* Release */,
			);
			defaultConfigurationIsVisible = 0;
			defaultConfigurationName = Release;
		};
		E738E9631E5C56F400C8D574 /* Build configuration list for PBXNativeTarget "AutoFixedTheViewUITests" */ = {
			isa = XCConfigurationList;
			buildConfigurations = (
				E738E9641E5C56F400C8D574 /* Debug */,
				E738E9651E5C56F400C8D574 /* Release */,
			);
			defaultConfigurationIsVisible = 0;
			defaultConfigurationName = Release;
		};
/* End XCConfigurationList section */
	};
	rootObject = E738E9281E5C56F300C8D574 /* Project object */;
}
